// !$*UTF8*$!
{
	archiveVersion = 1;
	classes = {
	};
	objectVersion = 46;
	objects = {

/* Begin PBXBuildFile section */
		BF976D621D7FD2A700BF842A /* AppDelegate.swift in Sources */ = {isa = PBXBuildFile; fileRef = BF976D611D7FD2A700BF842A /* AppDelegate.swift */; };
		BF976D641D7FD2A700BF842A /* art.scnassets in Resources */ = {isa = PBXBuildFile; fileRef = BF976D631D7FD2A700BF842A /* art.scnassets */; };
		BF976D661D7FD2A700BF842A /* GameViewController.swift in Sources */ = {isa = PBXBuildFile; fileRef = BF976D651D7FD2A700BF842A /* GameViewController.swift */; };
		BF976D6B1D7FD2A700BF842A /* Assets.xcassets in Resources */ = {isa = PBXBuildFile; fileRef = BF976D6A1D7FD2A700BF842A /* Assets.xcassets */; };
		BF976D6E1D7FD2A700BF842A /* LaunchScreen.storyboard in Resources */ = {isa = PBXBuildFile; fileRef = BF976D6C1D7FD2A700BF842A /* LaunchScreen.storyboard */; };
		BF976D791D7FD2A700BF842A /* inoshikaTests.swift in Sources */ = {isa = PBXBuildFile; fileRef = BF976D781D7FD2A700BF842A /* inoshikaTests.swift */; };
		BF976D841D7FD2A700BF842A /* inoshikaUITests.swift in Sources */ = {isa = PBXBuildFile; fileRef = BF976D831D7FD2A700BF842A /* inoshikaUITests.swift */; };
		BFE8687C1DA6269F007E1E37 /* Main.storyboard in Resources */ = {isa = PBXBuildFile; fileRef = BFE8687A1DA6269F007E1E37 /* Main.storyboard */; };
/* End PBXBuildFile section */

/* Begin PBXContainerItemProxy section */
		BF976D751D7FD2A700BF842A /* PBXContainerItemProxy */ = {
			isa = PBXContainerItemProxy;
			containerPortal = BF976D561D7FD2A700BF842A /* Project object */;
			proxyType = 1;
			remoteGlobalIDString = BF976D5D1D7FD2A700BF842A;
			remoteInfo = inoshika;
		};
		BF976D801D7FD2A700BF842A /* PBXContainerItemProxy */ = {
			isa = PBXContainerItemProxy;
			containerPortal = BF976D561D7FD2A700BF842A /* Project object */;
			proxyType = 1;
			remoteGlobalIDString = BF976D5D1D7FD2A700BF842A;
			remoteInfo = inoshika;
		};
/* End PBXContainerItemProxy section */

/* Begin PBXFileReference section */
		BF976D5E1D7FD2A700BF842A /* inoshika.app */ = {isa = PBXFileReference; explicitFileType = wrapper.application; includeInIndex = 0; path = inoshika.app; sourceTree = BUILT_PRODUCTS_DIR; };
		BF976D611D7FD2A700BF842A /* AppDelegate.swift */ = {isa = PBXFileReference; lastKnownFileType = sourcecode.swift; path = AppDelegate.swift; sourceTree = "<group>"; };
		BF976D631D7FD2A700BF842A /* art.scnassets */ = {isa = PBXFileReference; lastKnownFileType = wrapper.scnassets; path = art.scnassets; sourceTree = "<group>"; };
		BF976D651D7FD2A700BF842A /* GameViewController.swift */ = {isa = PBXFileReference; lastKnownFileType = sourcecode.swift; path = GameViewController.swift; sourceTree = "<group>"; };
		BF976D6A1D7FD2A700BF842A /* Assets.xcassets */ = {isa = PBXFileReference; lastKnownFileType = folder.assetcatalog; path = Assets.xcassets; sourceTree = "<group>"; };
		BF976D6D1D7FD2A700BF842A /* Base */ = {isa = PBXFileReference; lastKnownFileType = file.storyboard; name = Base; path = Base.lproj/LaunchScreen.storyboard; sourceTree = "<group>"; };
		BF976D6F1D7FD2A700BF842A /* Info.plist */ = {isa = PBXFileReference; lastKnownFileType = text.plist.xml; path = Info.plist; sourceTree = "<group>"; };
		BF976D741D7FD2A700BF842A /* inoshikaTests.xctest */ = {isa = PBXFileReference; explicitFileType = wrapper.cfbundle; includeInIndex = 0; path = inoshikaTests.xctest; sourceTree = BUILT_PRODUCTS_DIR; };
		BF976D781D7FD2A700BF842A /* inoshikaTests.swift */ = {isa = PBXFileReference; lastKnownFileType = sourcecode.swift; path = inoshikaTests.swift; sourceTree = "<group>"; };
		BF976D7A1D7FD2A700BF842A /* Info.plist */ = {isa = PBXFileReference; lastKnownFileType = text.plist.xml; path = Info.plist; sourceTree = "<group>"; };
		BF976D7F1D7FD2A700BF842A /* inoshikaUITests.xctest */ = {isa = PBXFileReference; explicitFileType = wrapper.cfbundle; includeInIndex = 0; path = inoshikaUITests.xctest; sourceTree = BUILT_PRODUCTS_DIR; };
		BF976D831D7FD2A700BF842A /* inoshikaUITests.swift */ = {isa = PBXFileReference; lastKnownFileType = sourcecode.swift; path = inoshikaUITests.swift; sourceTree = "<group>"; };
		BF976D851D7FD2A700BF842A /* Info.plist */ = {isa = PBXFileReference; lastKnownFileType = text.plist.xml; path = Info.plist; sourceTree = "<group>"; };
		BFE8687B1DA6269F007E1E37 /* Base */ = {isa = PBXFileReference; lastKnownFileType = file.storyboard; name = Base; path = Base.lproj/Main.storyboard; sourceTree = "<group>"; };
/* End PBXFileReference section */

/* Begin PBXFrameworksBuildPhase section */
		BF976D5B1D7FD2A700BF842A /* Frameworks */ = {
			isa = PBXFrameworksBuildPhase;
			buildActionMask = 2147483647;
			files = (
			);
			runOnlyForDeploymentPostprocessing = 0;
		};
		BF976D711D7FD2A700BF842A /* Frameworks */ = {
			isa = PBXFrameworksBuildPhase;
			buildActionMask = 2147483647;
			files = (
			);
			runOnlyForDeploymentPostprocessing = 0;
		};
		BF976D7C1D7FD2A700BF842A /* Frameworks */ = {
			isa = PBXFrameworksBuildPhase;
			buildActionMask = 2147483647;
			files = (
			);
			runOnlyForDeploymentPostprocessing = 0;
		};
/* End PBXFrameworksBuildPhase section */

/* Begin PBXGroup section */
		BF976D551D7FD2A700BF842A = {
			isa = PBXGroup;
			children = (
				BF976D601D7FD2A700BF842A /* inoshika */,
				BF976D771D7FD2A700BF842A /* inoshikaTests */,
				BF976D821D7FD2A700BF842A /* inoshikaUITests */,
				BF976D5F1D7FD2A700BF842A /* Products */,
			);
			sourceTree = "<group>";
		};
		BF976D5F1D7FD2A700BF842A /* Products */ = {
			isa = PBXGroup;
			children = (
				BF976D5E1D7FD2A700BF842A /* inoshika.app */,
				BF976D741D7FD2A700BF842A /* inoshikaTests.xctest */,
				BF976D7F1D7FD2A700BF842A /* inoshikaUITests.xctest */,
			);
			name = Products;
			sourceTree = "<group>";
		};
		BF976D601D7FD2A700BF842A /* inoshika */ = {
			isa = PBXGroup;
			children = (
				BFE8687A1DA6269F007E1E37 /* Main.storyboard */,
				BF976D611D7FD2A700BF842A /* AppDelegate.swift */,
				BF976D631D7FD2A700BF842A /* art.scnassets */,
				BF976D651D7FD2A700BF842A /* GameViewController.swift */,
				BF976D6A1D7FD2A700BF842A /* Assets.xcassets */,
				BF976D6C1D7FD2A700BF842A /* LaunchScreen.storyboard */,
				BF976D6F1D7FD2A700BF842A /* Info.plist */,
			);
			path = inoshika;
			sourceTree = "<group>";
		};
		BF976D771D7FD2A700BF842A /* inoshikaTests */ = {
			isa = PBXGroup;
			children = (
				BF976D781D7FD2A700BF842A /* inoshikaTests.swift */,
				BF976D7A1D7FD2A700BF842A /* Info.plist */,
			);
			path = inoshikaTests;
			sourceTree = "<group>";
		};
		BF976D821D7FD2A700BF842A /* inoshikaUITests */ = {
			isa = PBXGroup;
			children = (
				BF976D831D7FD2A700BF842A /* inoshikaUITests.swift */,
				BF976D851D7FD2A700BF842A /* Info.plist */,
			);
			path = inoshikaUITests;
			sourceTree = "<group>";
		};
/* End PBXGroup section */

/* Begin PBXNativeTarget section */
		BF976D5D1D7FD2A700BF842A /* inoshika */ = {
			isa = PBXNativeTarget;
			buildConfigurationList = BF976D881D7FD2A700BF842A /* Build configuration list for PBXNativeTarget "inoshika" */;
			buildPhases = (
				BF976D5A1D7FD2A700BF842A /* Sources */,
				BF976D5B1D7FD2A700BF842A /* Frameworks */,
				BF976D5C1D7FD2A700BF842A /* Resources */,
			);
			buildRules = (
			);
			dependencies = (
			);
			name = inoshika;
			productName = inoshika;
			productReference = BF976D5E1D7FD2A700BF842A /* inoshika.app */;
			productType = "com.apple.product-type.application";
		};
		BF976D731D7FD2A700BF842A /* inoshikaTests */ = {
			isa = PBXNativeTarget;
			buildConfigurationList = BF976D8B1D7FD2A700BF842A /* Build configuration list for PBXNativeTarget "inoshikaTests" */;
			buildPhases = (
				BF976D701D7FD2A700BF842A /* Sources */,
				BF976D711D7FD2A700BF842A /* Frameworks */,
				BF976D721D7FD2A700BF842A /* Resources */,
			);
			buildRules = (
			);
			dependencies = (
				BF976D761D7FD2A700BF842A /* PBXTargetDependency */,
			);
			name = inoshikaTests;
			productName = inoshikaTests;
			productReference = BF976D741D7FD2A700BF842A /* inoshikaTests.xctest */;
			productType = "com.apple.product-type.bundle.unit-test";
		};
		BF976D7E1D7FD2A700BF842A /* inoshikaUITests */ = {
			isa = PBXNativeTarget;
			buildConfigurationList = BF976D8E1D7FD2A700BF842A /* Build configuration list for PBXNativeTarget "inoshikaUITests" */;
			buildPhases = (
				BF976D7B1D7FD2A700BF842A /* Sources */,
				BF976D7C1D7FD2A700BF842A /* Frameworks */,
				BF976D7D1D7FD2A700BF842A /* Resources */,
			);
			buildRules = (
			);
			dependencies = (
				BF976D811D7FD2A700BF842A /* PBXTargetDependency */,
			);
			name = inoshikaUITests;
			productName = inoshikaUITests;
			productReference = BF976D7F1D7FD2A700BF842A /* inoshikaUITests.xctest */;
			productType = "com.apple.product-type.bundle.ui-testing";
		};
/* End PBXNativeTarget section */

/* Begin PBXProject section */
		BF976D561D7FD2A700BF842A /* Project object */ = {
			isa = PBXProject;
			attributes = {
				LastSwiftUpdateCheck = 0730;
				LastUpgradeCheck = 0730;
				ORGANIZATIONNAME = "協調メディア研究室";
				TargetAttributes = {
					BF976D5D1D7FD2A700BF842A = {
						CreatedOnToolsVersion = 7.3.1;
					};
					BF976D731D7FD2A700BF842A = {
						CreatedOnToolsVersion = 7.3.1;
						TestTargetID = BF976D5D1D7FD2A700BF842A;
					};
					BF976D7E1D7FD2A700BF842A = {
						CreatedOnToolsVersion = 7.3.1;
						TestTargetID = BF976D5D1D7FD2A700BF842A;
					};
				};
			};
			buildConfigurationList = BF976D591D7FD2A700BF842A /* Build configuration list for PBXProject "inoshika" */;
			compatibilityVersion = "Xcode 3.2";
			developmentRegion = English;
			hasScannedForEncodings = 0;
			knownRegions = (
				en,
				Base,
			);
			mainGroup = BF976D551D7FD2A700BF842A;
			productRefGroup = BF976D5F1D7FD2A700BF842A /* Products */;
			projectDirPath = "";
			projectRoot = "";
			targets = (
				BF976D5D1D7FD2A700BF842A /* inoshika */,
				BF976D731D7FD2A700BF842A /* inoshikaTests */,
				BF976D7E1D7FD2A700BF842A /* inoshikaUITests */,
			);
		};
/* End PBXProject section */

/* Begin PBXResourcesBuildPhase section */
		BF976D5C1D7FD2A700BF842A /* Resources */ = {
			isa = PBXResourcesBuildPhase;
			buildActionMask = 2147483647;
			files = (
				BF976D641D7FD2A700BF842A /* art.scnassets in Resources */,
				BF976D6E1D7FD2A700BF842A /* LaunchScreen.storyboard in Resources */,
				BF976D6B1D7FD2A700BF842A /* Assets.xcassets in Resources */,
				BFE8687C1DA6269F007E1E37 /* Main.storyboard in Resources */,
			);
			runOnlyForDeploymentPostprocessing = 0;
		};
		BF976D721D7FD2A700BF842A /* Resources */ = {
			isa = PBXResourcesBuildPhase;
			buildActionMask = 2147483647;
			files = (
			);
			runOnlyForDeploymentPostprocessing = 0;
		};
		BF976D7D1D7FD2A700BF842A /* Resources */ = {
			isa = PBXResourcesBuildPhase;
			buildActionMask = 2147483647;
			files = (
			);
			runOnlyForDeploymentPostprocessing = 0;
		};
/* End PBXResourcesBuildPhase section */

/* Begin PBXSourcesBuildPhase section */
		BF976D5A1D7FD2A700BF842A /* Sources */ = {
			isa = PBXSourcesBuildPhase;
			buildActionMask = 2147483647;
			files = (
				BF976D661D7FD2A700BF842A /* GameViewController.swift in Sources */,
				BF976D621D7FD2A700BF842A /* AppDelegate.swift in Sources */,
			);
			runOnlyForDeploymentPostprocessing = 0;
		};
		BF976D701D7FD2A700BF842A /* Sources */ = {
			isa = PBXSourcesBuildPhase;
			buildActionMask = 2147483647;
			files = (
				BF976D791D7FD2A700BF842A /* inoshikaTests.swift in Sources */,
			);
			runOnlyForDeploymentPostprocessing = 0;
		};
		BF976D7B1D7FD2A700BF842A /* Sources */ = {
			isa = PBXSourcesBuildPhase;
			buildActionMask = 2147483647;
			files = (
				BF976D841D7FD2A700BF842A /* inoshikaUITests.swift in Sources */,
			);
			runOnlyForDeploymentPostprocessing = 0;
		};
/* End PBXSourcesBuildPhase section */

/* Begin PBXTargetDependency section */
		BF976D761D7FD2A700BF842A /* PBXTargetDependency */ = {
			isa = PBXTargetDependency;
			target = BF976D5D1D7FD2A700BF842A /* inoshika */;
			targetProxy = BF976D751D7FD2A700BF842A /* PBXContainerItemProxy */;
		};
		BF976D811D7FD2A700BF842A /* PBXTargetDependency */ = {
			isa = PBXTargetDependency;
			target = BF976D5D1D7FD2A700BF842A /* inoshika */;
			targetProxy = BF976D801D7FD2A700BF842A /* PBXContainerItemProxy */;
		};
/* End PBXTargetDependency section */

/* Begin PBXVariantGroup section */
		BF976D6C1D7FD2A700BF842A /* LaunchScreen.storyboard */ = {
			isa = PBXVariantGroup;
			children = (
				BF976D6D1D7FD2A700BF842A /* Base */,
			);
			name = LaunchScreen.storyboard;
			sourceTree = "<group>";
		};
		BFE8687A1DA6269F007E1E37 /* Main.storyboard */ = {
			isa = PBXVariantGroup;
			children = (
				BFE8687B1DA6269F007E1E37 /* Base */,
			);
			name = Main.storyboard;
			sourceTree = "<group>";
		};
/* End PBXVariantGroup section */

/* Begin XCBuildConfiguration section */
		BF976D861D7FD2A700BF842A /* Debug */ = {
			isa = XCBuildConfiguration;
			buildSettings = {
				ALWAYS_SEARCH_USER_PATHS = NO;
				CLANG_ANALYZER_NONNULL = YES;
				CLANG_CXX_LANGUAGE_STANDARD = "gnu++0x";
				CLANG_CXX_LIBRARY = "libc++";
				CLANG_ENABLE_MODULES = YES;
				CLANG_ENABLE_OBJC_ARC = YES;
				CLANG_WARN_BOOL_CONVERSION = YES;
				CLANG_WARN_CONSTANT_CONVERSION = YES;
				CLANG_WARN_DIRECT_OBJC_ISA_USAGE = YES_ERROR;
				CLANG_WARN_EMPTY_BODY = YES;
				CLANG_WARN_ENUM_CONVERSION = YES;
				CLANG_WARN_INT_CONVERSION = YES;
				CLANG_WARN_OBJC_ROOT_CLASS = YES_ERROR;
				CLANG_WARN_UNREACHABLE_CODE = YES;
				CLANG_WARN__DUPLICATE_METHOD_MATCH = YES;
				"CODE_SIGN_IDENTITY[sdk=iphoneos*]" = "iPhone Developer";
				COPY_PHASE_STRIP = NO;
				DEBUG_INFORMATION_FORMAT = "dwarf-with-dsym";
				ENABLE_STRICT_OBJC_MSGSEND = YES;
				ENABLE_TESTABILITY = YES;
				GCC_C_LANGUAGE_STANDARD = gnu99;
				GCC_DYNAMIC_NO_PIC = NO;
				GCC_NO_COMMON_BLOCKS = YES;
				GCC_OPTIMIZATION_LEVEL = 0;
				GCC_PREPROCESSOR_DEFINITIONS = (
					"DEBUG=1",
					"$(inherited)",
				);
				GCC_WARN_64_TO_32_BIT_CONVERSION = YES;
				GCC_WARN_ABOUT_RETURN_TYPE = YES_ERROR;
				GCC_WARN_UNDECLARED_SELECTOR = YES;
				GCC_WARN_UNINITIALIZED_AUTOS = YES_AGGRESSIVE;
				GCC_WARN_UNUSED_FUNCTION = YES;
				GCC_WARN_UNUSED_VARIABLE = YES;
				IPHONEOS_DEPLOYMENT_TARGET = 9.3;
				MTL_ENABLE_DEBUG_INFO = YES;
				ONLY_ACTIVE_ARCH = YES;
				SDKROOT = iphoneos;
				SWIFT_OPTIMIZATION_LEVEL = "-Onone";
				TARGETED_DEVICE_FAMILY = "1,2";
			};
			name = Debug;
		};
		BF976D871D7FD2A700BF842A /* Release */ = {
			isa = XCBuildConfiguration;
			buildSettings = {
				ALWAYS_SEARCH_USER_PATHS = NO;
				CLANG_ANALYZER_NONNULL = YES;
				CLANG_CXX_LANGUAGE_STANDARD = "gnu++0x";
				CLANG_CXX_LIBRARY = "libc++";
				CLANG_ENABLE_MODULES = YES;
				CLANG_ENABLE_OBJC_ARC = YES;
				CLANG_WARN_BOOL_CONVERSION = YES;
				CLANG_WARN_CONSTANT_CONVERSION = YES;
				CLANG_WARN_DIRECT_OBJC_ISA_USAGE = YES_ERROR;
				CLANG_WARN_EMPTY_BODY = YES;
				CLANG_WARN_ENUM_CONVERSION = YES;
				CLANG_WARN_INT_CONVERSION = YES;
				CLANG_WARN_OBJC_ROOT_CLASS = YES_ERROR;
				CLANG_WARN_UNREACHABLE_CODE = YES;
				CLANG_WARN__DUPLICATE_METHOD_MATCH = YES;
				"CODE_SIGN_IDENTITY[sdk=iphoneos*]" = "iPhone Developer";
				COPY_PHASE_STRIP = NO;
				DEBUG_INFORMATION_FORMAT = "dwarf-with-dsym";
				ENABLE_NS_ASSERTIONS = NO;
				ENABLE_STRICT_OBJC_MSGSEND = YES;
				GCC_C_LANGUAGE_STANDARD = gnu99;
				GCC_NO_COMMON_BLOCKS = YES;
				GCC_WARN_64_TO_32_BIT_CONVERSION = YES;
				GCC_WARN_ABOUT_RETURN_TYPE = YES_ERROR;
				GCC_WARN_UNDECLARED_SELECTOR = YES;
				GCC_WARN_UNINITIALIZED_AUTOS = YES_AGGRESSIVE;
				GCC_WARN_UNUSED_FUNCTION = YES;
				GCC_WARN_UNUSED_VARIABLE = YES;
				IPHONEOS_DEPLOYMENT_TARGET = 9.3;
				MTL_ENABLE_DEBUG_INFO = NO;
				SDKROOT = iphoneos;
				TARGETED_DEVICE_FAMILY = "1,2";
				VALIDATE_PRODUCT = YES;
			};
			name = Release;
		};
		BF976D891D7FD2A700BF842A /* Debug */ = {
			isa = XCBuildConfiguration;
			buildSettings = {
				ASSETCATALOG_COMPILER_APPICON_NAME = AppIcon;
				INFOPLIST_FILE = inoshika/Info.plist;
				LD_RUNPATH_SEARCH_PATHS = "$(inherited) @executable_path/Frameworks";
				PRODUCT_BUNDLE_IDENTIFIER = Oekaki.inoshika;
				PRODUCT_NAME = "$(TARGET_NAME)";
			};
			name = Debug;
		};
		BF976D8A1D7FD2A700BF842A /* Release */ = {
			isa = XCBuildConfiguration;
			buildSettings = {
				ASSETCATALOG_COMPILER_APPICON_NAME = AppIcon;
				INFOPLIST_FILE = inoshika/Info.plist;
				LD_RUNPATH_SEARCH_PATHS = "$(inherited) @executable_path/Frameworks";
				PRODUCT_BUNDLE_IDENTIFIER = Oekaki.inoshika;
				PRODUCT_NAME = "$(TARGET_NAME)";
			};
			name = Release;
		};
		BF976D8C1D7FD2A700BF842A /* Debug */ = {
			isa = XCBuildConfiguration;
			buildSettings = {
				BUNDLE_LOADER = "$(TEST_HOST)";
				DEBUG_INFORMATION_FORMAT = dwarf;
				INFOPLIST_FILE = inoshikaTests/Info.plist;
				LD_RUNPATH_SEARCH_PATHS = "$(inherited) @executable_path/Frameworks @loader_path/Frameworks";
				PRODUCT_BUNDLE_IDENTIFIER = Oekaki.inoshikaTests;
				PRODUCT_NAME = "$(TARGET_NAME)";
				TEST_HOST = "$(BUILT_PRODUCTS_DIR)/inoshika.app/inoshika";
			};
			name = Debug;
		};
		BF976D8D1D7FD2A700BF842A /* Release */ = {
			isa = XCBuildConfiguration;
			buildSettings = {
				BUNDLE_LOADER = "$(TEST_HOST)";
				INFOPLIST_FILE = inoshikaTests/Info.plist;
				LD_RUNPATH_SEARCH_PATHS = "$(inherited) @executable_path/Frameworks @loader_path/Frameworks";
				PRODUCT_BUNDLE_IDENTIFIER = Oekaki.inoshikaTests;
				PRODUCT_NAME = "$(TARGET_NAME)";
				TEST_HOST = "$(BUILT_PRODUCTS_DIR)/inoshika.app/inoshika";
			};
			name = Release;
		};
		BF976D8F1D7FD2A700BF842A /* Debug */ = {
			isa = XCBuildConfiguration;
			buildSettings = {
				DEBUG_INFORMATION_FORMAT = dwarf;
				INFOPLIST_FILE = inoshikaUITests/Info.plist;
				LD_RUNPATH_SEARCH_PATHS = "$(inherited) @executable_path/Frameworks @loader_path/Frameworks";
				PRODUCT_BUNDLE_IDENTIFIER = Oekaki.inoshikaUITests;
				PRODUCT_NAME = "$(TARGET_NAME)";
				TEST_TARGET_NAME = inoshika;
			};
			name = Debug;
		};
		BF976D901D7FD2A700BF842A /* Release */ = {
			isa = XCBuildConfiguration;
			buildSettings = {
				INFOPLIST_FILE = inoshikaUITests/Info.plist;
				LD_RUNPATH_SEARCH_PATHS = "$(inherited) @executable_path/Frameworks @loader_path/Frameworks";
				PRODUCT_BUNDLE_IDENTIFIER = Oekaki.inoshikaUITests;
				PRODUCT_NAME = "$(TARGET_NAME)";
				TEST_TARGET_NAME = inoshika;
			};
			name = Release;
		};
/* End XCBuildConfiguration section */

/* Begin XCConfigurationList section */
		BF976D591D7FD2A700BF842A /* Build configuration list for PBXProject "inoshika" */ = {
			isa = XCConfigurationList;
			buildConfigurations = (
				BF976D861D7FD2A700BF842A /* Debug */,
				BF976D871D7FD2A700BF842A /* Release */,
			);
			defaultConfigurationIsVisible = 0;
			defaultConfigurationName = Release;
		};
		BF976D881D7FD2A700BF842A /* Build configuration list for PBXNativeTarget "inoshika" */ = {
			isa = XCConfigurationList;
			buildConfigurations = (
				BF976D891D7FD2A700BF842A /* Debug */,
				BF976D8A1D7FD2A700BF842A /* Release */,
			);
			defaultConfigurationIsVisible = 0;
			defaultConfigurationName = Release;
		};
		BF976D8B1D7FD2A700BF842A /* Build configuration list for PBXNativeTarget "inoshikaTests" */ = {
			isa = XCConfigurationList;
			buildConfigurations = (
				BF976D8C1D7FD2A700BF842A /* Debug */,
				BF976D8D1D7FD2A700BF842A /* Release */,
			);
			defaultConfigurationIsVisible = 0;
			defaultConfigurationName = Release;
		};
		BF976D8E1D7FD2A700BF842A /* Build configuration list for PBXNativeTarget "inoshikaUITests" */ = {
			isa = XCConfigurationList;
			buildConfigurations = (
				BF976D8F1D7FD2A700BF842A /* Debug */,
				BF976D901D7FD2A700BF842A /* Release */,
			);
			defaultConfigurationIsVisible = 0;
			defaultConfigurationName = Release;
		};
/* End XCConfigurationList section */
	};
	rootObject = BF976D561D7FD2A700BF842A /* Project object */;
}
